// !$*UTF8*$!
{
	archiveVersion = 1;
	classes = {
	};
	objectVersion = 46;
	objects = {

/* Begin PBXBuildFile section */
		4F64755719E788F30061F87F /* HybridCar.m in Sources */ = {isa = PBXBuildFile; fileRef = 4F64755619E788F30061F87F /* HybridCar.m */; };
		4F64755A19E9BD850061F87F /* ElectricCar.m in Sources */ = {isa = PBXBuildFile; fileRef = 4F64755919E9BD850061F87F /* ElectricCar.m */; };
		4FC35C9519D3BCF00011E664 /* Foundation.framework in Frameworks */ = {isa = PBXBuildFile; fileRef = 4FC35C9419D3BCF00011E664 /* Foundation.framework */; };
		4FC35C9719D3BCF00011E664 /* CoreGraphics.framework in Frameworks */ = {isa = PBXBuildFile; fileRef = 4FC35C9619D3BCF00011E664 /* CoreGraphics.framework */; };
		4FC35C9919D3BCF00011E664 /* UIKit.framework in Frameworks */ = {isa = PBXBuildFile; fileRef = 4FC35C9819D3BCF00011E664 /* UIKit.framework */; };
		4FC35C9F19D3BCF00011E664 /* InfoPlist.strings in Resources */ = {isa = PBXBuildFile; fileRef = 4FC35C9D19D3BCF00011E664 /* InfoPlist.strings */; };
		4FC35CA119D3BCF00011E664 /* main.m in Sources */ = {isa = PBXBuildFile; fileRef = 4FC35CA019D3BCF00011E664 /* main.m */; };
		4FC35CA519D3BCF00011E664 /* AppDelegate.m in Sources */ = {isa = PBXBuildFile; fileRef = 4FC35CA419D3BCF00011E664 /* AppDelegate.m */; };
		4FC35CA819D3BCF00011E664 /* Main_iPhone.storyboard in Resources */ = {isa = PBXBuildFile; fileRef = 4FC35CA619D3BCF00011E664 /* Main_iPhone.storyboard */; };
		4FC35CAB19D3BCF00011E664 /* Main_iPad.storyboard in Resources */ = {isa = PBXBuildFile; fileRef = 4FC35CA919D3BCF00011E664 /* Main_iPad.storyboard */; };
		4FC35CAE19D3BCF00011E664 /* ViewController.m in Sources */ = {isa = PBXBuildFile; fileRef = 4FC35CAD19D3BCF00011E664 /* ViewController.m */; };
		4FC35CB019D3BCF00011E664 /* Images.xcassets in Resources */ = {isa = PBXBuildFile; fileRef = 4FC35CAF19D3BCF00011E664 /* Images.xcassets */; };
		4FC35CB719D3BCF00011E664 /* XCTest.framework in Frameworks */ = {isa = PBXBuildFile; fileRef = 4FC35CB619D3BCF00011E664 /* XCTest.framework */; };
		4FC35CB819D3BCF00011E664 /* Foundation.framework in Frameworks */ = {isa = PBXBuildFile; fileRef = 4FC35C9419D3BCF00011E664 /* Foundation.framework */; };
		4FC35CB919D3BCF00011E664 /* UIKit.framework in Frameworks */ = {isa = PBXBuildFile; fileRef = 4FC35C9819D3BCF00011E664 /* UIKit.framework */; };
		4FC35CC119D3BCF10011E664 /* InfoPlist.strings in Resources */ = {isa = PBXBuildFile; fileRef = 4FC35CBF19D3BCF10011E664 /* InfoPlist.strings */; };
		4FC35CC319D3BCF10011E664 /* CarValetTests.m in Sources */ = {isa = PBXBuildFile; fileRef = 4FC35CC219D3BCF10011E664 /* CarValetTests.m */; };
		4FC35CCE19D3BD720011E664 /* Car.m in Sources */ = {isa = PBXBuildFile; fileRef = 4FC35CCD19D3BD720011E664 /* Car.m */; };
/* End PBXBuildFile section */

/* Begin PBXContainerItemProxy section */
		4FC35CBA19D3BCF00011E664 /* PBXContainerItemProxy */ = {
			isa = PBXContainerItemProxy;
			containerPortal = 4FC35C8919D3BCF00011E664 /* Project object */;
			proxyType = 1;
			remoteGlobalIDString = 4FC35C9019D3BCF00011E664;
			remoteInfo = CarValet;
		};
/* End PBXContainerItemProxy section */

/* Begin PBXFileReference section */
		4F64755519E788F30061F87F /* HybridCar.h */ = {isa = PBXFileReference; fileEncoding = 4; lastKnownFileType = sourcecode.c.h; path = HybridCar.h; sourceTree = "<group>"; };
		4F64755619E788F30061F87F /* HybridCar.m */ = {isa = PBXFileReference; fileEncoding = 4; lastKnownFileType = sourcecode.c.objc; path = HybridCar.m; sourceTree = "<group>"; };
		4F64755819E9BD850061F87F /* ElectricCar.h */ = {isa = PBXFileReference; fileEncoding = 4; lastKnownFileType = sourcecode.c.h; path = ElectricCar.h; sourceTree = "<group>"; };
		4F64755919E9BD850061F87F /* ElectricCar.m */ = {isa = PBXFileReference; fileEncoding = 4; lastKnownFileType = sourcecode.c.objc; path = ElectricCar.m; sourceTree = "<group>"; };
		4FC35C9119D3BCF00011E664 /* CarValet.app */ = {isa = PBXFileReference; explicitFileType = wrapper.application; includeInIndex = 0; path = CarValet.app; sourceTree = BUILT_PRODUCTS_DIR; };
		4FC35C9419D3BCF00011E664 /* Foundation.framework */ = {isa = PBXFileReference; lastKnownFileType = wrapper.framework; name = Foundation.framework; path = System/Library/Frameworks/Foundation.framework; sourceTree = SDKROOT; };
		4FC35C9619D3BCF00011E664 /* CoreGraphics.framework */ = {isa = PBXFileReference; lastKnownFileType = wrapper.framework; name = CoreGraphics.framework; path = System/Library/Frameworks/CoreGraphics.framework; sourceTree = SDKROOT; };
		4FC35C9819D3BCF00011E664 /* UIKit.framework */ = {isa = PBXFileReference; lastKnownFileType = wrapper.framework; name = UIKit.framework; path = System/Library/Frameworks/UIKit.framework; sourceTree = SDKROOT; };
		4FC35C9C19D3BCF00011E664 /* CarValet-Info.plist */ = {isa = PBXFileReference; lastKnownFileType = text.plist.xml; path = "CarValet-Info.plist"; sourceTree = "<group>"; };
		4FC35C9E19D3BCF00011E664 /* en */ = {isa = PBXFileReference; lastKnownFileType = text.plist.strings; name = en; path = en.lproj/InfoPlist.strings; sourceTree = "<group>"; };
		4FC35CA019D3BCF00011E664 /* main.m */ = {isa = PBXFileReference; lastKnownFileType = sourcecode.c.objc; path = main.m; sourceTree = "<group>"; };
		4FC35CA219D3BCF00011E664 /* CarValet-Prefix.pch */ = {isa = PBXFileReference; lastKnownFileType = sourcecode.c.h; path = "CarValet-Prefix.pch"; sourceTree = "<group>"; };
		4FC35CA319D3BCF00011E664 /* AppDelegate.h */ = {isa = PBXFileReference; lastKnownFileType = sourcecode.c.h; path = AppDelegate.h; sourceTree = "<group>"; };
		4FC35CA419D3BCF00011E664 /* AppDelegate.m */ = {isa = PBXFileReference; lastKnownFileType = sourcecode.c.objc; path = AppDelegate.m; sourceTree = "<group>"; };
		4FC35CA719D3BCF00011E664 /* Base */ = {isa = PBXFileReference; lastKnownFileType = file.storyboard; name = Base; path = Base.lproj/Main_iPhone.storyboard; sourceTree = "<group>"; };
		4FC35CAA19D3BCF00011E664 /* Base */ = {isa = PBXFileReference; lastKnownFileType = file.storyboard; name = Base; path = Base.lproj/Main_iPad.storyboard; sourceTree = "<group>"; };
		4FC35CAC19D3BCF00011E664 /* ViewController.h */ = {isa = PBXFileReference; lastKnownFileType = sourcecode.c.h; path = ViewController.h; sourceTree = "<group>"; };
		4FC35CAD19D3BCF00011E664 /* ViewController.m */ = {isa = PBXFileReference; lastKnownFileType = sourcecode.c.objc; path = ViewController.m; sourceTree = "<group>"; };
		4FC35CAF19D3BCF00011E664 /* Images.xcassets */ = {isa = PBXFileReference; lastKnownFileType = folder.assetcatalog; path = Images.xcassets; sourceTree = "<group>"; };
		4FC35CB519D3BCF00011E664 /* CarValetTests.xctest */ = {isa = PBXFileReference; explicitFileType = wrapper.cfbundle; includeInIndex = 0; path = CarValetTests.xctest; sourceTree = BUILT_PRODUCTS_DIR; };
		4FC35CB619D3BCF00011E664 /* XCTest.framework */ = {isa = PBXFileReference; lastKnownFileType = wrapper.framework; name = XCTest.framework; path = Library/Frameworks/XCTest.framework; sourceTree = DEVELOPER_DIR; };
		4FC35CBE19D3BCF00011E664 /* CarValetTests-Info.plist */ = {isa = PBXFileReference; lastKnownFileType = text.plist.xml; path = "CarValetTests-Info.plist"; sourceTree = "<group>"; };
		4FC35CC019D3BCF10011E664 /* en */ = {isa = PBXFileReference; lastKnownFileType = text.plist.strings; name = en; path = en.lproj/InfoPlist.strings; sourceTree = "<group>"; };
		4FC35CC219D3BCF10011E664 /* CarValetTests.m */ = {isa = PBXFileReference; lastKnownFileType = sourcecode.c.objc; path = CarValetTests.m; sourceTree = "<group>"; };
		4FC35CCC19D3BD720011E664 /* Car.h */ = {isa = PBXFileReference; fileEncoding = 4; lastKnownFileType = sourcecode.c.h; path = Car.h; sourceTree = "<group>"; };
		4FC35CCD19D3BD720011E664 /* Car.m */ = {isa = PBXFileReference; fileEncoding = 4; lastKnownFileType = sourcecode.c.objc; path = Car.m; sourceTree = "<group>"; };
/* End PBXFileReference section */

/* Begin PBXFrameworksBuildPhase section */
		4FC35C8E19D3BCF00011E664 /* Frameworks */ = {
			isa = PBXFrameworksBuildPhase;
			buildActionMask = 2147483647;
			files = (
				4FC35C9719D3BCF00011E664 /* CoreGraphics.framework in Frameworks */,
				4FC35C9919D3BCF00011E664 /* UIKit.framework in Frameworks */,
				4FC35C9519D3BCF00011E664 /* Foundation.framework in Frameworks */,
			);
			runOnlyForDeploymentPostprocessing = 0;
		};
		4FC35CB219D3BCF00011E664 /* Frameworks */ = {
			isa = PBXFrameworksBuildPhase;
			buildActionMask = 2147483647;
			files = (
				4FC35CB719D3BCF00011E664 /* XCTest.framework in Frameworks */,
				4FC35CB919D3BCF00011E664 /* UIKit.framework in Frameworks */,
				4FC35CB819D3BCF00011E664 /* Foundation.framework in Frameworks */,
			);
			runOnlyForDeploymentPostprocessing = 0;
		};
/* End PBXFrameworksBuildPhase section */

/* Begin PBXGroup section */
		4FC35C8819D3BCF00011E664 = {
			isa = PBXGroup;
			children = (
				4FC35C9A19D3BCF00011E664 /* CarValet */,
				4FC35CBC19D3BCF00011E664 /* CarValetTests */,
				4FC35C9319D3BCF00011E664 /* Frameworks */,
				4FC35C9219D3BCF00011E664 /* Products */,
			);
			sourceTree = "<group>";
		};
		4FC35C9219D3BCF00011E664 /* Products */ = {
			isa = PBXGroup;
			children = (
				4FC35C9119D3BCF00011E664 /* CarValet.app */,
				4FC35CB519D3BCF00011E664 /* CarValetTests.xctest */,
			);
			name = Products;
			sourceTree = "<group>";
		};
		4FC35C9319D3BCF00011E664 /* Frameworks */ = {
			isa = PBXGroup;
			children = (
				4FC35C9419D3BCF00011E664 /* Foundation.framework */,
				4FC35C9619D3BCF00011E664 /* CoreGraphics.framework */,
				4FC35C9819D3BCF00011E664 /* UIKit.framework */,
				4FC35CB619D3BCF00011E664 /* XCTest.framework */,
			);
			name = Frameworks;
			sourceTree = "<group>";
		};
		4FC35C9A19D3BCF00011E664 /* CarValet */ = {
			isa = PBXGroup;
			children = (
				4FC35CCC19D3BD720011E664 /* Car.h */,
				4FC35CCD19D3BD720011E664 /* Car.m */,
				4F64755819E9BD850061F87F /* ElectricCar.h */,
				4F64755919E9BD850061F87F /* ElectricCar.m */,
				4F64755519E788F30061F87F /* HybridCar.h */,
				4F64755619E788F30061F87F /* HybridCar.m */,
				4FC35CA319D3BCF00011E664 /* AppDelegate.h */,
				4FC35CA419D3BCF00011E664 /* AppDelegate.m */,
				4FC35CA619D3BCF00011E664 /* Main_iPhone.storyboard */,
				4FC35CA919D3BCF00011E664 /* Main_iPad.storyboard */,
				4FC35CAC19D3BCF00011E664 /* ViewController.h */,
				4FC35CAD19D3BCF00011E664 /* ViewController.m */,
				4FC35CAF19D3BCF00011E664 /* Images.xcassets */,
				4FC35C9B19D3BCF00011E664 /* Supporting Files */,
			);
			path = CarValet;
			sourceTree = "<group>";
		};
		4FC35C9B19D3BCF00011E664 /* Supporting Files */ = {
			isa = PBXGroup;
			children = (
				4FC35C9C19D3BCF00011E664 /* CarValet-Info.plist */,
				4FC35C9D19D3BCF00011E664 /* InfoPlist.strings */,
				4FC35CA019D3BCF00011E664 /* main.m */,
				4FC35CA219D3BCF00011E664 /* CarValet-Prefix.pch */,
			);
			name = "Supporting Files";
			sourceTree = "<group>";
		};
		4FC35CBC19D3BCF00011E664 /* CarValetTests */ = {
			isa = PBXGroup;
			children = (
				4FC35CC219D3BCF10011E664 /* CarValetTests.m */,
				4FC35CBD19D3BCF00011E664 /* Supporting Files */,
			);
			path = CarValetTests;
			sourceTree = "<group>";
		};
		4FC35CBD19D3BCF00011E664 /* Supporting Files */ = {
			isa = PBXGroup;
			children = (
				4FC35CBE19D3BCF00011E664 /* CarValetTests-Info.plist */,
				4FC35CBF19D3BCF10011E664 /* InfoPlist.strings */,
			);
			name = "Supporting Files";
			sourceTree = "<group>";
		};
/* End PBXGroup section */

/* Begin PBXNativeTarget section */
		4FC35C9019D3BCF00011E664 /* CarValet */ = {
			isa = PBXNativeTarget;
			buildConfigurationList = 4FC35CC619D3BCF10011E664 /* Build configuration list for PBXNativeTarget "CarValet" */;
			buildPhases = (
				4FC35C8D19D3BCF00011E664 /* Sources */,
				4FC35C8E19D3BCF00011E664 /* Frameworks */,
				4FC35C8F19D3BCF00011E664 /* Resources */,
			);
			buildRules = (
			);
			dependencies = (
			);
			name = CarValet;
			productName = CarValet;
			productReference = 4FC35C9119D3BCF00011E664 /* CarValet.app */;
			productType = "com.apple.product-type.application";
		};
		4FC35CB419D3BCF00011E664 /* CarValetTests */ = {
			isa = PBXNativeTarget;
			buildConfigurationList = 4FC35CC919D3BCF10011E664 /* Build configuration list for PBXNativeTarget "CarValetTests" */;
			buildPhases = (
				4FC35CB119D3BCF00011E664 /* Sources */,
				4FC35CB219D3BCF00011E664 /* Frameworks */,
				4FC35CB319D3BCF00011E664 /* Resources */,
			);
			buildRules = (
			);
			dependencies = (
				4FC35CBB19D3BCF00011E664 /* PBXTargetDependency */,
			);
			name = CarValetTests;
			productName = CarValetTests;
			productReference = 4FC35CB519D3BCF00011E664 /* CarValetTests.xctest */;
			productType = "com.apple.product-type.bundle.unit-test";
		};
/* End PBXNativeTarget section */

/* Begin PBXProject section */
		4FC35C8919D3BCF00011E664 /* Project object */ = {
			isa = PBXProject;
			attributes = {
				LastUpgradeCheck = 0510;
				ORGANIZATIONNAME = "Kenji Crosland";
				TargetAttributes = {
					4FC35CB419D3BCF00011E664 = {
						TestTargetID = 4FC35C9019D3BCF00011E664;
					};
				};
			};
			buildConfigurationList = 4FC35C8C19D3BCF00011E664 /* Build configuration list for PBXProject "CarValet" */;
			compatibilityVersion = "Xcode 3.2";
			developmentRegion = English;
			hasScannedForEncodings = 0;
			knownRegions = (
				en,
				Base,
			);
			mainGroup = 4FC35C8819D3BCF00011E664;
			productRefGroup = 4FC35C9219D3BCF00011E664 /* Products */;
			projectDirPath = "";
			projectRoot = "";
			targets = (
				4FC35C9019D3BCF00011E664 /* CarValet */,
				4FC35CB419D3BCF00011E664 /* CarValetTests */,
			);
		};
/* End PBXProject section */

/* Begin PBXResourcesBuildPhase section */
		4FC35C8F19D3BCF00011E664 /* Resources */ = {
			isa = PBXResourcesBuildPhase;
			buildActionMask = 2147483647;
			files = (
				4FC35CAB19D3BCF00011E664 /* Main_iPad.storyboard in Resources */,
				4FC35CB019D3BCF00011E664 /* Images.xcassets in Resources */,
				4FC35CA819D3BCF00011E664 /* Main_iPhone.storyboard in Resources */,
				4FC35C9F19D3BCF00011E664 /* InfoPlist.strings in Resources */,
			);
			runOnlyForDeploymentPostprocessing = 0;
		};
		4FC35CB319D3BCF00011E664 /* Resources */ = {
			isa = PBXResourcesBuildPhase;
			buildActionMask = 2147483647;
			files = (
				4FC35CC119D3BCF10011E664 /* InfoPlist.strings in Resources */,
			);
			runOnlyForDeploymentPostprocessing = 0;
		};
/* End PBXResourcesBuildPhase section */

/* Begin PBXSourcesBuildPhase section */
		4FC35C8D19D3BCF00011E664 /* Sources */ = {
			isa = PBXSourcesBuildPhase;
			buildActionMask = 2147483647;
			files = (
				4FC35CAE19D3BCF00011E664 /* ViewController.m in Sources */,
				4FC35CA519D3BCF00011E664 /* AppDelegate.m in Sources */,
				4FC35CCE19D3BD720011E664 /* Car.m in Sources */,
				4F64755A19E9BD850061F87F /* ElectricCar.m in Sources */,
				4FC35CA119D3BCF00011E664 /* main.m in Sources */,
				4F64755719E788F30061F87F /* HybridCar.m in Sources */,
			);
			runOnlyForDeploymentPostprocessing = 0;
		};
		4FC35CB119D3BCF00011E664 /* Sources */ = {
			isa = PBXSourcesBuildPhase;
			buildActionMask = 2147483647;
			files = (
				4FC35CC319D3BCF10011E664 /* CarValetTests.m in Sources */,
			);
			runOnlyForDeploymentPostprocessing = 0;
		};
/* End PBXSourcesBuildPhase section */

/* Begin PBXTargetDependency section */
		4FC35CBB19D3BCF00011E664 /* PBXTargetDependency */ = {
			isa = PBXTargetDependency;
			target = 4FC35C9019D3BCF00011E664 /* CarValet */;
			targetProxy = 4FC35CBA19D3BCF00011E664 /* PBXContainerItemProxy */;
		};
/* End PBXTargetDependency section */

/* Begin PBXVariantGroup section */
		4FC35C9D19D3BCF00011E664 /* InfoPlist.strings */ = {
			isa = PBXVariantGroup;
			children = (
				4FC35C9E19D3BCF00011E664 /* en */,
			);
			name = InfoPlist.strings;
			sourceTree = "<group>";
		};
		4FC35CA619D3BCF00011E664 /* Main_iPhone.storyboard */ = {
			isa = PBXVariantGroup;
			children = (
				4FC35CA719D3BCF00011E664 /* Base */,
			);
			name = Main_iPhone.storyboard;
			sourceTree = "<group>";
		};
		4FC35CA919D3BCF00011E664 /* Main_iPad.storyboard */ = {
			isa = PBXVariantGroup;
			children = (
				4FC35CAA19D3BCF00011E664 /* Base */,
			);
			name = Main_iPad.storyboard;
			sourceTree = "<group>";
		};
		4FC35CBF19D3BCF10011E664 /* InfoPlist.strings */ = {
			isa = PBXVariantGroup;
			children = (
				4FC35CC019D3BCF10011E664 /* en */,
			);
			name = InfoPlist.strings;
			sourceTree = "<group>";
		};
/* End PBXVariantGroup section */

/* Begin XCBuildConfiguration section */
		4FC35CC419D3BCF10011E664 /* Debug */ = {
			isa = XCBuildConfiguration;
			buildSettings = {
				ALWAYS_SEARCH_USER_PATHS = NO;
				CLANG_CXX_LANGUAGE_STANDARD = "gnu++0x";
				CLANG_CXX_LIBRARY = "libc++";
				CLANG_ENABLE_MODULES = YES;
				CLANG_ENABLE_OBJC_ARC = YES;
				CLANG_WARN_BOOL_CONVERSION = YES;
				CLANG_WARN_CONSTANT_CONVERSION = YES;
				CLANG_WARN_DIRECT_OBJC_ISA_USAGE = YES_ERROR;
				CLANG_WARN_EMPTY_BODY = YES;
				CLANG_WARN_ENUM_CONVERSION = YES;
				CLANG_WARN_INT_CONVERSION = YES;
				CLANG_WARN_OBJC_ROOT_CLASS = YES_ERROR;
				CLANG_WARN__DUPLICATE_METHOD_MATCH = YES;
				"CODE_SIGN_IDENTITY[sdk=iphoneos*]" = "iPhone Developer";
				COPY_PHASE_STRIP = NO;
				GCC_C_LANGUAGE_STANDARD = gnu99;
				GCC_DYNAMIC_NO_PIC = NO;
				GCC_OPTIMIZATION_LEVEL = 0;
				GCC_PREPROCESSOR_DEFINITIONS = (
					"DEBUG=1",
					"$(inherited)",
				);
				GCC_SYMBOLS_PRIVATE_EXTERN = NO;
				GCC_WARN_64_TO_32_BIT_CONVERSION = YES;
				GCC_WARN_ABOUT_RETURN_TYPE = YES_ERROR;
				GCC_WARN_UNDECLARED_SELECTOR = YES;
				GCC_WARN_UNINITIALIZED_AUTOS = YES_AGGRESSIVE;
				GCC_WARN_UNUSED_FUNCTION = YES;
				GCC_WARN_UNUSED_VARIABLE = YES;
				IPHONEOS_DEPLOYMENT_TARGET = 7.1;
				ONLY_ACTIVE_ARCH = YES;
				SDKROOT = iphoneos;
				TARGETED_DEVICE_FAMILY = "1,2";
			};
			name = Debug;
		};
		4FC35CC519D3BCF10011E664 /* Release */ = {
			isa = XCBuildConfiguration;
			buildSettings = {
				ALWAYS_SEARCH_USER_PATHS = NO;
				CLANG_CXX_LANGUAGE_STANDARD = "gnu++0x";
				CLANG_CXX_LIBRARY = "libc++";
				CLANG_ENABLE_MODULES = YES;
				CLANG_ENABLE_OBJC_ARC = YES;
				CLANG_WARN_BOOL_CONVERSION = YES;
				CLANG_WARN_CONSTANT_CONVERSION = YES;
				CLANG_WARN_DIRECT_OBJC_ISA_USAGE = YES_ERROR;
				CLANG_WARN_EMPTY_BODY = YES;
				CLANG_WARN_ENUM_CONVERSION = YES;
				CLANG_WARN_INT_CONVERSION = YES;
				CLANG_WARN_OBJC_ROOT_CLASS = YES_ERROR;
				CLANG_WARN__DUPLICATE_METHOD_MATCH = YES;
				"CODE_SIGN_IDENTITY[sdk=iphoneos*]" = "iPhone Developer";
				COPY_PHASE_STRIP = YES;
				ENABLE_NS_ASSERTIONS = NO;
				GCC_C_LANGUAGE_STANDARD = gnu99;
				GCC_WARN_64_TO_32_BIT_CONVERSION = YES;
				GCC_WARN_ABOUT_RETURN_TYPE = YES_ERROR;
				GCC_WARN_UNDECLARED_SELECTOR = YES;
				GCC_WARN_UNINITIALIZED_AUTOS = YES_AGGRESSIVE;
				GCC_WARN_UNUSED_FUNCTION = YES;
				GCC_WARN_UNUSED_VARIABLE = YES;
				IPHONEOS_DEPLOYMENT_TARGET = 7.1;
				SDKROOT = iphoneos;
				TARGETED_DEVICE_FAMILY = "1,2";
				VALIDATE_PRODUCT = YES;
			};
			name = Release;
		};
		4FC35CC719D3BCF10011E664 /* Debug */ = {
			isa = XCBuildConfiguration;
			buildSettings = {
				ASSETCATALOG_COMPILER_APPICON_NAME = AppIcon;
				ASSETCATALOG_COMPILER_LAUNCHIMAGE_NAME = LaunchImage;
				GCC_PRECOMPILE_PREFIX_HEADER = YES;
				GCC_PREFIX_HEADER = "CarValet/CarValet-Prefix.pch";
				INFOPLIST_FILE = "CarValet/CarValet-Info.plist";
				PRODUCT_NAME = "$(TARGET_NAME)";
				WRAPPER_EXTENSION = app;
			};
			name = Debug;
		};
		4FC35CC819D3BCF10011E664 /* Release */ = {
			isa = XCBuildConfiguration;
			buildSettings = {
				ASSETCATALOG_COMPILER_APPICON_NAME = AppIcon;
				ASSETCATALOG_COMPILER_LAUNCHIMAGE_NAME = LaunchImage;
				GCC_PRECOMPILE_PREFIX_HEADER = YES;
				GCC_PREFIX_HEADER = "CarValet/CarValet-Prefix.pch";
				INFOPLIST_FILE = "CarValet/CarValet-Info.plist";
				PRODUCT_NAME = "$(TARGET_NAME)";
				WRAPPER_EXTENSION = app;
			};
			name = Release;
		};
		4FC35CCA19D3BCF10011E664 /* Debug */ = {
			isa = XCBuildConfiguration;
			buildSettings = {
				BUNDLE_LOADER = "$(BUILT_PRODUCTS_DIR)/CarValet.app/CarValet";
				FRAMEWORK_SEARCH_PATHS = (
					"$(SDKROOT)/Developer/Library/Frameworks",
					"$(inherited)",
					"$(DEVELOPER_FRAMEWORKS_DIR)",
				);
				GCC_PRECOMPILE_PREFIX_HEADER = YES;
				GCC_PREFIX_HEADER = "CarValet/CarValet-Prefix.pch";
				GCC_PREPROCESSOR_DEFINITIONS = (
					"DEBUG=1",
					"$(inherited)",
				);
				INFOPLIST_FILE = "CarValetTests/CarValetTests-Info.plist";
				PRODUCT_NAME = "$(TARGET_NAME)";
				TEST_HOST = "$(BUNDLE_LOADER)";
				WRAPPER_EXTENSION = xctest;
			};
			name = Debug;
		};
		4FC35CCB19D3BCF10011E664 /* Release */ = {
			isa = XCBuildConfiguration;
			buildSettings = {
				BUNDLE_LOADER = "$(BUILT_PRODUCTS_DIR)/CarValet.app/CarValet";
				FRAMEWORK_SEARCH_PATHS = (
					"$(SDKROOT)/Developer/Library/Frameworks",
					"$(inherited)",
					"$(DEVELOPER_FRAMEWORKS_DIR)",
				);
				GCC_PRECOMPILE_PREFIX_HEADER = YES;
				GCC_PREFIX_HEADER = "CarValet/CarValet-Prefix.pch";
				INFOPLIST_FILE = "CarValetTests/CarValetTests-Info.plist";
				PRODUCT_NAME = "$(TARGET_NAME)";
				TEST_HOST = "$(BUNDLE_LOADER)";
				WRAPPER_EXTENSION = xctest;
			};
			name = Release;
		};
/* End XCBuildConfiguration section */

/* Begin XCConfigurationList section */
		4FC35C8C19D3BCF00011E664 /* Build configuration list for PBXProject "CarValet" */ = {
			isa = XCConfigurationList;
			buildConfigurations = (
				4FC35CC419D3BCF10011E664 /* Debug */,
				4FC35CC519D3BCF10011E664 /* Release */,
			);
			defaultConfigurationIsVisible = 0;
			defaultConfigurationName = Release;
		};
		4FC35CC619D3BCF10011E664 /* Build configuration list for PBXNativeTarget "CarValet" */ = {
			isa = XCConfigurationList;
			buildConfigurations = (
				4FC35CC719D3BCF10011E664 /* Debug */,
				4FC35CC819D3BCF10011E664 /* Release */,
			);
			defaultConfigurationIsVisible = 0;
			defaultConfigurationName = Release;
		};
		4FC35CC919D3BCF10011E664 /* Build configuration list for PBXNativeTarget "CarValetTests" */ = {
			isa = XCConfigurationList;
			buildConfigurations = (
				4FC35CCA19D3BCF10011E664 /* Debug */,
				4FC35CCB19D3BCF10011E664 /* Release */,
			);
			defaultConfigurationIsVisible = 0;
			defaultConfigurationName = Release;
		};
/* End XCConfigurationList section */
	};
	rootObject = 4FC35C8919D3BCF00011E664 /* Project object */;
}
